
Microsoft Visual Studio Solution File, Format Version 12.00
# Visual Studio Version 17
VisualStudioVersion = 17.5.002.0
MinimumVisualStudioVersion = 10.0.40219.1
Project("{9A19103F-16F7-4668-BE54-9A1E7A4F7556}") = "lab4template", "lab4template.csproj", "{3683E77D-6EFB-4C49-9A26-21248043BF4E}"
EndProject
Global
	GlobalSection(SolutionConfigurationPlatforms) = preSolution
		Debug|Any CPU = Debug|Any CPU
		Release|Any CPU = Release|Any CPU
	EndGlobalSection
	GlobalSection(ProjectConfigurationPlatforms) = postSolution
		{3683E77D-6EFB-4C49-9A26-21248043BF4E}.Debug|Any CPU.ActiveCfg = Debug|Any CPU
		{3683E77D-6EFB-4C49-9A26-21248043BF4E}.Debug|Any CPU.Build.0 = Debug|Any CPU
		{3683E77D-6EFB-4C49-9A26-21248043BF4E}.Release|Any CPU.ActiveCfg = Release|Any CPU
		{3683E77D-6EFB-4C49-9A26-21248043BF4E}.Release|Any CPU.Build.0 = Release|Any CPU
	EndGlobalSection
	GlobalSection(SolutionProperties) = preSolution
		HideSolutionNode = FALSE
	EndGlobalSection
	GlobalSection(ExtensibilityGlobals) = postSolution
		SolutionGuid = {1C5E5E4C-E98D-43B6-9FE4-22C43808AC11}
	EndGlobalSection
EndGlobal
